// !$*UTF8*$!
{
	archiveVersion = 1;
	classes = {
	};
	objectVersion = 50;
	objects = {

/* Begin PBXBuildFile section */
		3AF919B122FD263500D063BD /* AppDelegate.swift in Sources */ = {isa = PBXBuildFile; fileRef = 3AF919B022FD263500D063BD /* AppDelegate.swift */; };
		3AF919B322FD263500D063BD /* ViewController.swift in Sources */ = {isa = PBXBuildFile; fileRef = 3AF919B222FD263500D063BD /* ViewController.swift */; };
		3AF919B622FD263500D063BD /* Main.storyboard in Resources */ = {isa = PBXBuildFile; fileRef = 3AF919B422FD263500D063BD /* Main.storyboard */; };
		3AF919B822FD263600D063BD /* Assets.xcassets in Resources */ = {isa = PBXBuildFile; fileRef = 3AF919B722FD263600D063BD /* Assets.xcassets */; };
		3AF919BB22FD263600D063BD /* LaunchScreen.storyboard in Resources */ = {isa = PBXBuildFile; fileRef = 3AF919B922FD263600D063BD /* LaunchScreen.storyboard */; };
		3AF919C622FD263600D063BD /* Tests.swift in Sources */ = {isa = PBXBuildFile; fileRef = 3AF919C522FD263600D063BD /* Tests.swift */; };
		3AF91CDA22FD5C5200D063BD /* Interface.swift in Sources */ = {isa = PBXBuildFile; fileRef = 3AF91CD922FD5C5200D063BD /* Interface.swift */; };
		3AFDB205236AB2FA00AF5F29 /* MODULETEMPLATERouter.swift.podspec in Resources */ = {isa = PBXBuildFile; fileRef = 3AFDB203236AB2FA00AF5F29 /* MODULETEMPLATERouter.swift.podspec */; };
		3AFDB206236AB2FA00AF5F29 /* push.sh in Resources */ = {isa = PBXBuildFile; fileRef = 3AFDB204236AB2FA00AF5F29 /* push.sh */; };
/* End PBXBuildFile section */

/* Begin PBXContainerItemProxy section */
		3AF919C222FD263600D063BD /* PBXContainerItemProxy */ = {
			isa = PBXContainerItemProxy;
			containerPortal = 3AF919A522FD263500D063BD /* Project object */;
			proxyType = 1;
			remoteGlobalIDString = 3AF919AC22FD263500D063BD;
			remoteInfo = MODULETEMPLATERouter;
		};
/* End PBXContainerItemProxy section */

/* Begin PBXFileReference section */
		3AF919AD22FD263500D063BD /* MODULETEMPLATERouter.app */ = {isa = PBXFileReference; explicitFileType = wrapper.application; includeInIndex = 0; path = MODULETEMPLATERouter.app; sourceTree = BUILT_PRODUCTS_DIR; };
		3AF919B022FD263500D063BD /* AppDelegate.swift */ = {isa = PBXFileReference; lastKnownFileType = sourcecode.swift; path = AppDelegate.swift; sourceTree = "<group>"; };
		3AF919B222FD263500D063BD /* ViewController.swift */ = {isa = PBXFileReference; lastKnownFileType = sourcecode.swift; path = ViewController.swift; sourceTree = "<group>"; };
		3AF919B522FD263500D063BD /* Base */ = {isa = PBXFileReference; lastKnownFileType = file.storyboard; name = Base; path = Base.lproj/Main.storyboard; sourceTree = "<group>"; };
		3AF919B722FD263600D063BD /* Assets.xcassets */ = {isa = PBXFileReference; lastKnownFileType = folder.assetcatalog; path = Assets.xcassets; sourceTree = "<group>"; };
		3AF919BA22FD263600D063BD /* Base */ = {isa = PBXFileReference; lastKnownFileType = file.storyboard; name = Base; path = Base.lproj/LaunchScreen.storyboard; sourceTree = "<group>"; };
		3AF919BC22FD263600D063BD /* Info.plist */ = {isa = PBXFileReference; lastKnownFileType = text.plist.xml; path = Info.plist; sourceTree = "<group>"; };
		3AF919C122FD263600D063BD /* MODULETEMPLATERouterTests.xctest */ = {isa = PBXFileReference; explicitFileType = wrapper.cfbundle; includeInIndex = 0; path = MODULETEMPLATERouterTests.xctest; sourceTree = BUILT_PRODUCTS_DIR; };
		3AF919C522FD263600D063BD /* Tests.swift */ = {isa = PBXFileReference; lastKnownFileType = sourcecode.swift; path = Tests.swift; sourceTree = "<group>"; };
		3AF919C722FD263600D063BD /* Info.plist */ = {isa = PBXFileReference; lastKnownFileType = text.plist.xml; path = Info.plist; sourceTree = "<group>"; };
		3AF91CD922FD5C5200D063BD /* Interface.swift */ = {isa = PBXFileReference; lastKnownFileType = sourcecode.swift; path = Interface.swift; sourceTree = "<group>"; };
		3AFDB203236AB2FA00AF5F29 /* MODULETEMPLATERouter.swift.podspec */ = {isa = PBXFileReference; lastKnownFileType = file; path = MODULETEMPLATERouter.swift.podspec; sourceTree = SOURCE_ROOT; };
		3AFDB204236AB2FA00AF5F29 /* push.sh */ = {isa = PBXFileReference; fileEncoding = 4; lastKnownFileType = text.script.sh; path = push.sh; sourceTree = SOURCE_ROOT; };
/* End PBXFileReference section */

/* Begin PBXFrameworksBuildPhase section */
		3AF919AA22FD263500D063BD /* Frameworks */ = {
			isa = PBXFrameworksBuildPhase;
			buildActionMask = 2147483647;
			files = (
			);
			runOnlyForDeploymentPostprocessing = 0;
		};
		3AF919BE22FD263600D063BD /* Frameworks */ = {
			isa = PBXFrameworksBuildPhase;
			buildActionMask = 2147483647;
			files = (
			);
			runOnlyForDeploymentPostprocessing = 0;
		};
/* End PBXFrameworksBuildPhase section */

/* Begin PBXGroup section */
		3AF919A422FD263500D063BD = {
			isa = PBXGroup;
			children = (
				3AF919AF22FD263500D063BD /* MODULETEMPLATERouter */,
				3AF919C422FD263600D063BD /* MODULETEMPLATERouterTests */,
				3AF919AE22FD263500D063BD /* Products */,
			);
			sourceTree = "<group>";
		};
		3AF919AE22FD263500D063BD /* Products */ = {
			isa = PBXGroup;
			children = (
				3AF919AD22FD263500D063BD /* MODULETEMPLATERouter.app */,
				3AF919C122FD263600D063BD /* MODULETEMPLATERouterTests.xctest */,
			);
			name = Products;
			sourceTree = "<group>";
		};
		3AF919AF22FD263500D063BD /* MODULETEMPLATERouter */ = {
			isa = PBXGroup;
			children = (
				3AFDB204236AB2FA00AF5F29 /* push.sh */,
				3AFDB203236AB2FA00AF5F29 /* MODULETEMPLATERouter.swift.podspec */,
				3AF91A0B22FD265A00D063BD /* Router */,
				3AF91A0A22FD264F00D063BD /* Other */,
			);
			path = MODULETEMPLATERouter;
			sourceTree = "<group>";
		};
		3AF919C422FD263600D063BD /* MODULETEMPLATERouterTests */ = {
			isa = PBXGroup;
			children = (
				3AF919C522FD263600D063BD /* Tests.swift */,
				3AF919C722FD263600D063BD /* Info.plist */,
			);
			path = MODULETEMPLATERouterTests;
			sourceTree = "<group>";
		};
		3AF91A0A22FD264F00D063BD /* Other */ = {
			isa = PBXGroup;
			children = (
				3AF919B022FD263500D063BD /* AppDelegate.swift */,
				3AF919B222FD263500D063BD /* ViewController.swift */,
				3AF919B422FD263500D063BD /* Main.storyboard */,
				3AF919B722FD263600D063BD /* Assets.xcassets */,
				3AF919B922FD263600D063BD /* LaunchScreen.storyboard */,
				3AF919BC22FD263600D063BD /* Info.plist */,
			);
			path = Other;
			sourceTree = "<group>";
		};
		3AF91A0B22FD265A00D063BD /* Router */ = {
			isa = PBXGroup;
			children = (
				3AF91CD922FD5C5200D063BD /* Interface.swift */,
			);
			path = Router;
			sourceTree = "<group>";
		};
/* End PBXGroup section */

/* Begin PBXNativeTarget section */
		3AF919AC22FD263500D063BD /* MODULETEMPLATERouter */ = {
			isa = PBXNativeTarget;
			buildConfigurationList = 3AF919CA22FD263600D063BD /* Build configuration list for PBXNativeTarget "MODULETEMPLATERouter" */;
			buildPhases = (
				3AF919A922FD263500D063BD /* Sources */,
				3AF919AA22FD263500D063BD /* Frameworks */,
				3AF919AB22FD263500D063BD /* Resources */,
			);
			buildRules = (
			);
			dependencies = (
			);
			name = MODULETEMPLATERouter;
			productName = MODULETEMPLATERouter;
			productReference = 3AF919AD22FD263500D063BD /* MODULETEMPLATERouter.app */;
			productType = "com.apple.product-type.application";
		};
		3AF919C022FD263600D063BD /* MODULETEMPLATERouterTests */ = {
			isa = PBXNativeTarget;
			buildConfigurationList = 3AF919CD22FD263600D063BD /* Build configuration list for PBXNativeTarget "MODULETEMPLATERouterTests" */;
			buildPhases = (
				3AF919BD22FD263600D063BD /* Sources */,
				3AF919BE22FD263600D063BD /* Frameworks */,
				3AF919BF22FD263600D063BD /* Resources */,
			);
			buildRules = (
			);
			dependencies = (
				3AF919C322FD263600D063BD /* PBXTargetDependency */,
			);
			name = MODULETEMPLATERouterTests;
			productName = MODULETEMPLATERouterTests;
			productReference = 3AF919C122FD263600D063BD /* MODULETEMPLATERouterTests.xctest */;
			productType = "com.apple.product-type.bundle.unit-test";
		};
/* End PBXNativeTarget section */

/* Begin PBXProject section */
		3AF919A522FD263500D063BD /* Project object */ = {
			isa = PBXProject;
			attributes = {
				LastSwiftUpdateCheck = 1030;
				LastUpgradeCheck = 1030;
				ORGANIZATIONNAME = Rakuyo;
				TargetAttributes = {
					3AF919AC22FD263500D063BD = {
						CreatedOnToolsVersion = 10.3;
					};
					3AF919C022FD263600D063BD = {
						CreatedOnToolsVersion = 10.3;
						TestTargetID = 3AF919AC22FD263500D063BD;
					};
				};
			};
			buildConfigurationList = 3AF919A822FD263500D063BD /* Build configuration list for PBXProject "MODULETEMPLATERouter" */;
			compatibilityVersion = "Xcode 9.3";
			developmentRegion = en;
			hasScannedForEncodings = 0;
			knownRegions = (
				en,
				Base,
			);
			mainGroup = 3AF919A422FD263500D063BD;
			productRefGroup = 3AF919AE22FD263500D063BD /* Products */;
			projectDirPath = "";
			projectRoot = "";
			targets = (
				3AF919AC22FD263500D063BD /* MODULETEMPLATERouter */,
				3AF919C022FD263600D063BD /* MODULETEMPLATERouterTests */,
			);
		};
/* End PBXProject section */

/* Begin PBXResourcesBuildPhase section */
		3AF919AB22FD263500D063BD /* Resources */ = {
			isa = PBXResourcesBuildPhase;
			buildActionMask = 2147483647;
			files = (
				3AFDB205236AB2FA00AF5F29 /* MODULETEMPLATERouter.swift.podspec in Resources */,
				3AF919BB22FD263600D063BD /* LaunchScreen.storyboard in Resources */,
				3AF919B822FD263600D063BD /* Assets.xcassets in Resources */,
				3AFDB206236AB2FA00AF5F29 /* push.sh in Resources */,
				3AF919B622FD263500D063BD /* Main.storyboard in Resources */,
			);
			runOnlyForDeploymentPostprocessing = 0;
		};
		3AF919BF22FD263600D063BD /* Resources */ = {
			isa = PBXResourcesBuildPhase;
			buildActionMask = 2147483647;
			files = (
			);
			runOnlyForDeploymentPostprocessing = 0;
		};
/* End PBXResourcesBuildPhase section */

/* Begin PBXSourcesBuildPhase section */
		3AF919A922FD263500D063BD /* Sources */ = {
			isa = PBXSourcesBuildPhase;
			buildActionMask = 2147483647;
			files = (
				3AF919B322FD263500D063BD /* ViewController.swift in Sources */,
				3AF919B122FD263500D063BD /* AppDelegate.swift in Sources */,
				3AF91CDA22FD5C5200D063BD /* Interface.swift in Sources */,
			);
			runOnlyForDeploymentPostprocessing = 0;
		};
		3AF919BD22FD263600D063BD /* Sources */ = {
			isa = PBXSourcesBuildPhase;
			buildActionMask = 2147483647;
			files = (
				3AF919C622FD263600D063BD /* Tests.swift in Sources */,
			);
			runOnlyForDeploymentPostprocessing = 0;
		};
/* End PBXSourcesBuildPhase section */

/* Begin PBXTargetDependency section */
		3AF919C322FD263600D063BD /* PBXTargetDependency */ = {
			isa = PBXTargetDependency;
			target = 3AF919AC22FD263500D063BD /* MODULETEMPLATERouter */;
			targetProxy = 3AF919C222FD263600D063BD /* PBXContainerItemProxy */;
		};
/* End PBXTargetDependency section */

/* Begin PBXVariantGroup section */
		3AF919B422FD263500D063BD /* Main.storyboard */ = {
			isa = PBXVariantGroup;
			children = (
				3AF919B522FD263500D063BD /* Base */,
			);
			name = Main.storyboard;
			sourceTree = "<group>";
		};
		3AF919B922FD263600D063BD /* LaunchScreen.storyboard */ = {
			isa = PBXVariantGroup;
			children = (
				3AF919BA22FD263600D063BD /* Base */,
			);
			name = LaunchScreen.storyboard;
			sourceTree = "<group>";
		};
/* End PBXVariantGroup section */

/* Begin XCBuildConfiguration section */
		3AF919C822FD263600D063BD /* Debug */ = {
			isa = XCBuildConfiguration;
			buildSettings = {
				ALWAYS_SEARCH_USER_PATHS = NO;
				CLANG_ANALYZER_NONNULL = YES;
				CLANG_ANALYZER_NUMBER_OBJECT_CONVERSION = YES_AGGRESSIVE;
				CLANG_CXX_LANGUAGE_STANDARD = "gnu++14";
				CLANG_CXX_LIBRARY = "libc++";
				CLANG_ENABLE_MODULES = YES;
				CLANG_ENABLE_OBJC_ARC = YES;
				CLANG_ENABLE_OBJC_WEAK = YES;
				CLANG_WARN_BLOCK_CAPTURE_AUTORELEASING = YES;
				CLANG_WARN_BOOL_CONVERSION = YES;
				CLANG_WARN_COMMA = YES;
				CLANG_WARN_CONSTANT_CONVERSION = YES;
				CLANG_WARN_DEPRECATED_OBJC_IMPLEMENTATIONS = YES;
				CLANG_WARN_DIRECT_OBJC_ISA_USAGE = YES_ERROR;
				CLANG_WARN_DOCUMENTATION_COMMENTS = YES;
				CLANG_WARN_EMPTY_BODY = YES;
				CLANG_WARN_ENUM_CONVERSION = YES;
				CLANG_WARN_INFINITE_RECURSION = YES;
				CLANG_WARN_INT_CONVERSION = YES;
				CLANG_WARN_NON_LITERAL_NULL_CONVERSION = YES;
				CLANG_WARN_OBJC_IMPLICIT_RETAIN_SELF = YES;
				CLANG_WARN_OBJC_LITERAL_CONVERSION = YES;
				CLANG_WARN_OBJC_ROOT_CLASS = YES_ERROR;
				CLANG_WARN_RANGE_LOOP_ANALYSIS = YES;
				CLANG_WARN_STRICT_PROTOTYPES = YES;
				CLANG_WARN_SUSPICIOUS_MOVE = YES;
				CLANG_WARN_UNGUARDED_AVAILABILITY = YES_AGGRESSIVE;
				CLANG_WARN_UNREACHABLE_CODE = YES;
				CLANG_WARN__DUPLICATE_METHOD_MATCH = YES;
				CODE_SIGN_IDENTITY = "iPhone Developer";
				COPY_PHASE_STRIP = NO;
				DEBUG_INFORMATION_FORMAT = dwarf;
				ENABLE_STRICT_OBJC_MSGSEND = YES;
				ENABLE_TESTABILITY = YES;
				GCC_C_LANGUAGE_STANDARD = gnu11;
				GCC_DYNAMIC_NO_PIC = NO;
				GCC_NO_COMMON_BLOCKS = YES;
				GCC_OPTIMIZATION_LEVEL = 0;
				GCC_PREPROCESSOR_DEFINITIONS = (
					"DEBUG=1",
					"$(inherited)",
				);
				GCC_WARN_64_TO_32_BIT_CONVERSION = YES;
				GCC_WARN_ABOUT_RETURN_TYPE = YES_ERROR;
				GCC_WARN_UNDECLARED_SELECTOR = YES;
				GCC_WARN_UNINITIALIZED_AUTOS = YES_AGGRESSIVE;
				GCC_WARN_UNUSED_FUNCTION = YES;
				GCC_WARN_UNUSED_VARIABLE = YES;
				IPHONEOS_DEPLOYMENT_TARGET = 12.4;
				MTL_ENABLE_DEBUG_INFO = INCLUDE_SOURCE;
				MTL_FAST_MATH = YES;
				ONLY_ACTIVE_ARCH = YES;
				SDKROOT = iphoneos;
				SWIFT_ACTIVE_COMPILATION_CONDITIONS = DEBUG;
				SWIFT_OPTIMIZATION_LEVEL = "-Onone";
			};
			name = Debug;
		};
		3AF919C922FD263600D063BD /* Release */ = {
			isa = XCBuildConfiguration;
			buildSettings = {
				ALWAYS_SEARCH_USER_PATHS = NO;
				CLANG_ANALYZER_NONNULL = YES;
				CLANG_ANALYZER_NUMBER_OBJECT_CONVERSION = YES_AGGRESSIVE;
				CLANG_CXX_LANGUAGE_STANDARD = "gnu++14";
				CLANG_CXX_LIBRARY = "libc++";
				CLANG_ENABLE_MODULES = YES;
				CLANG_ENABLE_OBJC_ARC = YES;
				CLANG_ENABLE_OBJC_WEAK = YES;
				CLANG_WARN_BLOCK_CAPTURE_AUTORELEASING = YES;
				CLANG_WARN_BOOL_CONVERSION = YES;
				CLANG_WARN_COMMA = YES;
				CLANG_WARN_CONSTANT_CONVERSION = YES;
				CLANG_WARN_DEPRECATED_OBJC_IMPLEMENTATIONS = YES;
				CLANG_WARN_DIRECT_OBJC_ISA_USAGE = YES_ERROR;
				CLANG_WARN_DOCUMENTATION_COMMENTS = YES;
				CLANG_WARN_EMPTY_BODY = YES;
				CLANG_WARN_ENUM_CONVERSION = YES;
				CLANG_WARN_INFINITE_RECURSION = YES;
				CLANG_WARN_INT_CONVERSION = YES;
				CLANG_WARN_NON_LITERAL_NULL_CONVERSION = YES;
				CLANG_WARN_OBJC_IMPLICIT_RETAIN_SELF = YES;
				CLANG_WARN_OBJC_LITERAL_CONVERSION = YES;
				CLANG_WARN_OBJC_ROOT_CLASS = YES_ERROR;
				CLANG_WARN_RANGE_LOOP_ANALYSIS = YES;
				CLANG_WARN_STRICT_PROTOTYPES = YES;
				CLANG_WARN_SUSPICIOUS_MOVE = YES;
				CLANG_WARN_UNGUARDED_AVAILABILITY = YES_AGGRESSIVE;
				CLANG_WARN_UNREACHABLE_CODE = YES;
				CLANG_WARN__DUPLICATE_METHOD_MATCH = YES;
				CODE_SIGN_IDENTITY = "iPhone Developer";
				COPY_PHASE_STRIP = NO;
				DEBUG_INFORMATION_FORMAT = "dwarf-with-dsym";
				ENABLE_NS_ASSERTIONS = NO;
				ENABLE_STRICT_OBJC_MSGSEND = YES;
				GCC_C_LANGUAGE_STANDARD = gnu11;
				GCC_NO_COMMON_BLOCKS = YES;
				GCC_WARN_64_TO_32_BIT_CONVERSION = YES;
				GCC_WARN_ABOUT_RETURN_TYPE = YES_ERROR;
				GCC_WARN_UNDECLARED_SELECTOR = YES;
				GCC_WARN_UNINITIALIZED_AUTOS = YES_AGGRESSIVE;
				GCC_WARN_UNUSED_FUNCTION = YES;
				GCC_WARN_UNUSED_VARIABLE = YES;
				IPHONEOS_DEPLOYMENT_TARGET = 12.4;
				MTL_ENABLE_DEBUG_INFO = NO;
				MTL_FAST_MATH = YES;
				SDKROOT = iphoneos;
				SWIFT_COMPILATION_MODE = wholemodule;
				SWIFT_OPTIMIZATION_LEVEL = "-O";
				VALIDATE_PRODUCT = YES;
			};
			name = Release;
		};
		3AF919CB22FD263600D063BD /* Debug */ = {
			isa = XCBuildConfiguration;
			buildSettings = {
				ASSETCATALOG_COMPILER_APPICON_NAME = AppIcon;
				CODE_SIGN_STYLE = Automatic;
				DEVELOPMENT_TEAM = 5Q8TLD2828;
				INFOPLIST_FILE = "$(SRCROOT)/MODULETEMPLATERouter/Other/Info.plist";
				IPHONEOS_DEPLOYMENT_TARGET = 10.0;
				LD_RUNPATH_SEARCH_PATHS = (
					"$(inherited)",
					"@executable_path/Frameworks",
				);
				PRODUCT_BUNDLE_IDENTIFIER = com.mbcore.MODULETEMPLATERouter;
				PRODUCT_NAME = "$(TARGET_NAME)";
				SWIFT_VERSION = 5.0;
				TARGETED_DEVICE_FAMILY = "1,2";
			};
			name = Debug;
		};
		3AF919CC22FD263600D063BD /* Release */ = {
			isa = XCBuildConfiguration;
			buildSettings = {
				ASSETCATALOG_COMPILER_APPICON_NAME = AppIcon;
				CODE_SIGN_STYLE = Automatic;
				DEVELOPMENT_TEAM = 5Q8TLD2828;
				INFOPLIST_FILE = "$(SRCROOT)/MODULETEMPLATERouter/Other/Info.plist";
				IPHONEOS_DEPLOYMENT_TARGET = 10.0;
				LD_RUNPATH_SEARCH_PATHS = (
					"$(inherited)",
					"@executable_path/Frameworks",
				);
				PRODUCT_BUNDLE_IDENTIFIER = com.mbcore.MODULETEMPLATERouter;
				PRODUCT_NAME = "$(TARGET_NAME)";
				SWIFT_VERSION = 5.0;
				TARGETED_DEVICE_FAMILY = "1,2";
			};
			name = Release;
		};
		3AF919CE22FD263600D063BD /* Debug */ = {
			isa = XCBuildConfiguration;
			buildSettings = {
				ALWAYS_EMBED_SWIFT_STANDARD_LIBRARIES = YES;
				BUNDLE_LOADER = "$(TEST_HOST)";
				CODE_SIGN_STYLE = Automatic;
				DEVELOPMENT_TEAM = 5Q8TLD2828;
				INFOPLIST_FILE = MODULETEMPLATERouterTests/Info.plist;
				LD_RUNPATH_SEARCH_PATHS = (
					"$(inherited)",
					"@executable_path/Frameworks",
					"@loader_path/Frameworks",
				);
				PRODUCT_BUNDLE_IDENTIFIER = com.mbcore.MODULETEMPLATERouterTests;
				PRODUCT_NAME = "$(TARGET_NAME)";
				SWIFT_VERSION = 5.0;
				TARGETED_DEVICE_FAMILY = "1,2";
				TEST_HOST = "$(BUILT_PRODUCTS_DIR)/MODULETEMPLATERouter.app/MODULETEMPLATERouter";
			};
			name = Debug;
		};
		3AF919CF22FD263600D063BD /* Release */ = {
			isa = XCBuildConfiguration;
			buildSettings = {
				ALWAYS_EMBED_SWIFT_STANDARD_LIBRARIES = YES;
				BUNDLE_LOADER = "$(TEST_HOST)";
				CODE_SIGN_STYLE = Automatic;
				DEVELOPMENT_TEAM = 5Q8TLD2828;
				INFOPLIST_FILE = MODULETEMPLATERouterTests/Info.plist;
				LD_RUNPATH_SEARCH_PATHS = (
					"$(inherited)",
					"@executable_path/Frameworks",
					"@loader_path/Frameworks",
				);
				PRODUCT_BUNDLE_IDENTIFIER = com.mbcore.MODULETEMPLATERouterTests;
				PRODUCT_NAME = "$(TARGET_NAME)";
				SWIFT_VERSION = 5.0;
				TARGETED_DEVICE_FAMILY = "1,2";
				TEST_HOST = "$(BUILT_PRODUCTS_DIR)/MODULETEMPLATERouter.app/MODULETEMPLATERouter";
			};
			name = Release;
		};
/* End XCBuildConfiguration section */

/* Begin XCConfigurationList section */
		3AF919A822FD263500D063BD /* Build configuration list for PBXProject "MODULETEMPLATERouter" */ = {
			isa = XCConfigurationList;
			buildConfigurations = (
				3AF919C822FD263600D063BD /* Debug */,
				3AF919C922FD263600D063BD /* Release */,
			);
			defaultConfigurationIsVisible = 0;
			defaultConfigurationName = Release;
		};
		3AF919CA22FD263600D063BD /* Build configuration list for PBXNativeTarget "MODULETEMPLATERouter" */ = {
			isa = XCConfigurationList;
			buildConfigurations = (
				3AF919CB22FD263600D063BD /* Debug */,
				3AF919CC22FD263600D063BD /* Release */,
			);
			defaultConfigurationIsVisible = 0;
			defaultConfigurationName = Release;
		};
		3AF919CD22FD263600D063BD /* Build configuration list for PBXNativeTarget "MODULETEMPLATERouterTests" */ = {
			isa = XCConfigurationList;
			buildConfigurations = (
				3AF919CE22FD263600D063BD /* Debug */,
				3AF919CF22FD263600D063BD /* Release */,
			);
			defaultConfigurationIsVisible = 0;
			defaultConfigurationName = Release;
		};
/* End XCConfigurationList section */
	};
	rootObject = 3AF919A522FD263500D063BD /* Project object */;
}
